
Microsoft Visual Studio Solution File, Format Version 12.00
# Visual Studio Version 16
VisualStudioVersion = 16.0.31613.86
MinimumVisualStudioVersion = 10.0.40219.1
Project("{FAE04EC0-301F-11D3-BF4B-00C04F79EFBC}") = "PA.FileSplitter", "PA.FileSpliter\PA.FileSplitter.csproj", "{8CAC73FD-853E-4EAA-8D8D-AAAB740F074C}"
EndProject
Global
	GlobalSection(SolutionConfigurationPlatforms) = preSolution
		Debug|Any CPU = Debug|Any CPU
		Release|Any CPU = Release|Any CPU
	EndGlobalSection
	GlobalSection(ProjectConfigurationPlatforms) = postSolution
		{8CAC73FD-853E-4EAA-8D8D-AAAB740F074C}.Debug|Any CPU.ActiveCfg = Debug|Any CPU
		{8CAC73FD-853E-4EAA-8D8D-AAAB740F074C}.Debug|Any CPU.Build.0 = Debug|Any CPU
		{8CAC73FD-853E-4EAA-8D8D-AAAB740F074C}.Release|Any CPU.ActiveCfg = Release|Any CPU
		{8CAC73FD-853E-4EAA-8D8D-AAAB740F074C}.Release|Any CPU.Build.0 = Release|Any CPU
	EndGlobalSection
	GlobalSection(SolutionProperties) = preSolution
		HideSolutionNode = FALSE
	EndGlobalSection
	GlobalSection(ExtensibilityGlobals) = postSolution
		SolutionGuid = {67C6B62E-184A-4A64-B176-CAC8CAEC2413}
	EndGlobalSection
EndGlobal
